
Microsoft Visual Studio Solution File, Format Version 12.00
# Visual Studio Version 16
VisualStudioVersion = 16.0.32106.194
MinimumVisualStudioVersion = 10.0.40219.1
Project("{FAE04EC0-301F-11D3-BF4B-00C04F79EFBC}") = "xcentium-login-application", "xcentium-login-application\xcentium-login-application.csproj", "{F9FF5B4C-B901-4630-B09E-7133546237CF}"
EndProject
Global
	GlobalSection(SolutionConfigurationPlatforms) = preSolution
		Debug|Any CPU = Debug|Any CPU
		Release|Any CPU = Release|Any CPU
	EndGlobalSection
	GlobalSection(ProjectConfigurationPlatforms) = postSolution
		{F9FF5B4C-B901-4630-B09E-7133546237CF}.Debug|Any CPU.ActiveCfg = Debug|Any CPU
		{F9FF5B4C-B901-4630-B09E-7133546237CF}.Debug|Any CPU.Build.0 = Debug|Any CPU
		{F9FF5B4C-B901-4630-B09E-7133546237CF}.Release|Any CPU.ActiveCfg = Release|Any CPU
		{F9FF5B4C-B901-4630-B09E-7133546237CF}.Release|Any CPU.Build.0 = Release|Any CPU
	EndGlobalSection
	GlobalSection(SolutionProperties) = preSolution
		HideSolutionNode = FALSE
	EndGlobalSection
	GlobalSection(ExtensibilityGlobals) = postSolution
		SolutionGuid = {C894958C-B1AF-4A0C-8175-857C6D32E819}
	EndGlobalSection
EndGlobal
